Microsoft Visual Studio Solution File, Format Version 8.00
Project("{8BC9CEB8-8B4A-11D0-8D11-00A0C91BC942}") = "CaLua", "CaLua\CaLua.vcproj", "{1DF700CA-253B-406C-9B9D-52D6C2935B42}"
	ProjectSection(ProjectDependencies) = postProject
		{9AD19308-7666-4545-9798-6A7EE1FB6284} = {9AD19308-7666-4545-9798-6A7EE1FB6284}
		{C5DC1DCB-5CF4-4774-98E3-30BB44295CB8} = {C5DC1DCB-5CF4-4774-98E3-30BB44295CB8}
	EndProjectSection
EndProject
Project("{8BC9CEB8-8B4A-11D0-8D11-00A0C91BC942}") = "lua50", "Lua\lua50.vcproj", "{9AD19308-7666-4545-9798-6A7EE1FB6284}"
	ProjectSection(ProjectDependencies) = postProject
	EndProjectSection
EndProject
Project("{8BC9CEB8-8B4A-11D0-8D11-00A0C91BC942}") = "lualib", "Lua\lualib.vcproj", "{C5DC1DCB-5CF4-4774-98E3-30BB44295CB8}"
	ProjectSection(ProjectDependencies) = postProject
	EndProjectSection
EndProject
Project("{8BC9CEB8-8B4A-11D0-8D11-00A0C91BC942}") = "TestLua", "TestLua\TestLua.vcproj", "{23A5C4BA-94F1-402D-8E61-E62A964DBA3C}"
	ProjectSection(ProjectDependencies) = postProject
		{9AD19308-7666-4545-9798-6A7EE1FB6284} = {9AD19308-7666-4545-9798-6A7EE1FB6284}
		{1DF700CA-253B-406C-9B9D-52D6C2935B42} = {1DF700CA-253B-406C-9B9D-52D6C2935B42}
		{C5DC1DCB-5CF4-4774-98E3-30BB44295CB8} = {C5DC1DCB-5CF4-4774-98E3-30BB44295CB8}
	EndProjectSection
EndProject
Global
	GlobalSection(SolutionConfiguration) = preSolution
		Debug = Debug
		Release = Release
		Static Library = Static Library
	EndGlobalSection
	GlobalSection(ProjectConfiguration) = postSolution
		{1DF700CA-253B-406C-9B9D-52D6C2935B42}.Debug.ActiveCfg = Debug|Win32
		{1DF700CA-253B-406C-9B9D-52D6C2935B42}.Debug.Build.0 = Debug|Win32
		{1DF700CA-253B-406C-9B9D-52D6C2935B42}.Release.ActiveCfg = Release|Win32
		{1DF700CA-253B-406C-9B9D-52D6C2935B42}.Release.Build.0 = Release|Win32
		{1DF700CA-253B-406C-9B9D-52D6C2935B42}.Static Library.ActiveCfg = Release|Win32
		{1DF700CA-253B-406C-9B9D-52D6C2935B42}.Static Library.Build.0 = Release|Win32
		{9AD19308-7666-4545-9798-6A7EE1FB6284}.Debug.ActiveCfg = Static Library|Win32
		{9AD19308-7666-4545-9798-6A7EE1FB6284}.Debug.Build.0 = Static Library|Win32
		{9AD19308-7666-4545-9798-6A7EE1FB6284}.Release.ActiveCfg = Static Library|Win32
		{9AD19308-7666-4545-9798-6A7EE1FB6284}.Release.Build.0 = Static Library|Win32
		{9AD19308-7666-4545-9798-6A7EE1FB6284}.Static Library.ActiveCfg = Static Library|Win32
		{9AD19308-7666-4545-9798-6A7EE1FB6284}.Static Library.Build.0 = Static Library|Win32
		{C5DC1DCB-5CF4-4774-98E3-30BB44295CB8}.Debug.ActiveCfg = Static Library|Win32
		{C5DC1DCB-5CF4-4774-98E3-30BB44295CB8}.Debug.Build.0 = Static Library|Win32
		{C5DC1DCB-5CF4-4774-98E3-30BB44295CB8}.Release.ActiveCfg = Static Library|Win32
		{C5DC1DCB-5CF4-4774-98E3-30BB44295CB8}.Release.Build.0 = Static Library|Win32
		{C5DC1DCB-5CF4-4774-98E3-30BB44295CB8}.Static Library.ActiveCfg = Static Library|Win32
		{C5DC1DCB-5CF4-4774-98E3-30BB44295CB8}.Static Library.Build.0 = Static Library|Win32
		{23A5C4BA-94F1-402D-8E61-E62A964DBA3C}.Debug.ActiveCfg = Debug|Win32
		{23A5C4BA-94F1-402D-8E61-E62A964DBA3C}.Debug.Build.0 = Debug|Win32
		{23A5C4BA-94F1-402D-8E61-E62A964DBA3C}.Release.ActiveCfg = Release|Win32
		{23A5C4BA-94F1-402D-8E61-E62A964DBA3C}.Release.Build.0 = Release|Win32
		{23A5C4BA-94F1-402D-8E61-E62A964DBA3C}.Static Library.ActiveCfg = Release|Win32
		{23A5C4BA-94F1-402D-8E61-E62A964DBA3C}.Static Library.Build.0 = Release|Win32
	EndGlobalSection
	GlobalSection(ExtensibilityGlobals) = postSolution
	EndGlobalSection
	GlobalSection(ExtensibilityAddIns) = postSolution
	EndGlobalSection
EndGlobal
